lockfileVersion: '9.0'

settings:
  autoInstallPeers: true
  excludeLinksFromLockfile: false

importers:

  .:
    dependencies:
      '@fluentui/web-components':
        specifier: ^2.6.1
        version: 2.6.1
      canvas-confetti:
        specifier: ^1.9.3
        version: 1.9.3
      lit:
        specifier: ^3.3.0
        version: 3.3.0
      shufflr:
        specifier: ^2.0.18
        version: 2.0.18
    devDependencies:
      '@types/canvas-confetti':
        specifier: ^1.9.0
        version: 1.9.0
      typescript:
        specifier: ^5.8.3
        version: 5.8.3
      vite:
        specifier: ^7.1.3
        version: 7.1.3

packages:

  '@esbuild/aix-ppc64@0.25.9':
    resolution: {integrity: sha512-OaGtL73Jck6pBKjNIe24BnFE6agGl+6KxDtTfHhy1HmhthfKouEcOhqpSL64K4/0WCtbKFLOdzD/44cJ4k9opA==}
    engines: {node: '>=18'}
    cpu: [ppc64]
    os: [aix]

  '@esbuild/android-arm64@0.25.9':
    resolution: {integrity: sha512-IDrddSmpSv51ftWslJMvl3Q2ZT98fUSL2/rlUXuVqRXHCs5EUF1/f+jbjF5+NG9UffUDMCiTyh8iec7u8RlTLg==}
    engines: {node: '>=18'}
    cpu: [arm64]
    os: [android]

  '@esbuild/android-arm@0.25.9':
    resolution: {integrity: sha512-5WNI1DaMtxQ7t7B6xa572XMXpHAaI/9Hnhk8lcxF4zVN4xstUgTlvuGDorBguKEnZO70qwEcLpfifMLoxiPqHQ==}
    engines: {node: '>=18'}
    cpu: [arm]
    os: [android]

  '@esbuild/android-x64@0.25.9':
    resolution: {integrity: sha512-I853iMZ1hWZdNllhVZKm34f4wErd4lMyeV7BLzEExGEIZYsOzqDWDf+y082izYUE8gtJnYHdeDpN/6tUdwvfiw==}
    engines: {node: '>=18'}
    cpu: [x64]
    os: [android]

  '@esbuild/darwin-arm64@0.25.9':
    resolution: {integrity: sha512-XIpIDMAjOELi/9PB30vEbVMs3GV1v2zkkPnuyRRURbhqjyzIINwj+nbQATh4H9GxUgH1kFsEyQMxwiLFKUS6Rg==}
    engines: {node: '>=18'}
    cpu: [arm64]
    os: [darwin]

  '@esbuild/darwin-x64@0.25.9':
    resolution: {integrity: sha512-jhHfBzjYTA1IQu8VyrjCX4ApJDnH+ez+IYVEoJHeqJm9VhG9Dh2BYaJritkYK3vMaXrf7Ogr/0MQ8/MeIefsPQ==}
    engines: {node: '>=18'}
    cpu: [x64]
    os: [darwin]

  '@esbuild/freebsd-arm64@0.25.9':
    resolution: {integrity: sha512-z93DmbnY6fX9+KdD4Ue/H6sYs+bhFQJNCPZsi4XWJoYblUqT06MQUdBCpcSfuiN72AbqeBFu5LVQTjfXDE2A6Q==}
    engines: {node: '>=18'}
    cpu: [arm64]
    os: [freebsd]

  '@esbuild/freebsd-x64@0.25.9':
    resolution: {integrity: sha512-mrKX6H/vOyo5v71YfXWJxLVxgy1kyt1MQaD8wZJgJfG4gq4DpQGpgTB74e5yBeQdyMTbgxp0YtNj7NuHN0PoZg==}
    engines: {node: '>=18'}
    cpu: [x64]
    os: [freebsd]

  '@esbuild/linux-arm64@0.25.9':
    resolution: {integrity: sha512-BlB7bIcLT3G26urh5Dmse7fiLmLXnRlopw4s8DalgZ8ef79Jj4aUcYbk90g8iCa2467HX8SAIidbL7gsqXHdRw==}
    engines: {node: '>=18'}
    cpu: [arm64]
    os: [linux]

  '@esbuild/linux-arm@0.25.9':
    resolution: {integrity: sha512-HBU2Xv78SMgaydBmdor38lg8YDnFKSARg1Q6AT0/y2ezUAKiZvc211RDFHlEZRFNRVhcMamiToo7bDx3VEOYQw==}
    engines: {node: '>=18'}
    cpu: [arm]
    os: [linux]

  '@esbuild/linux-ia32@0.25.9':
    resolution: {integrity: sha512-e7S3MOJPZGp2QW6AK6+Ly81rC7oOSerQ+P8L0ta4FhVi+/j/v2yZzx5CqqDaWjtPFfYz21Vi1S0auHrap3Ma3A==}
    engines: {node: '>=18'}
    cpu: [ia32]
    os: [linux]

  '@esbuild/linux-loong64@0.25.9':
    resolution: {integrity: sha512-Sbe10Bnn0oUAB2AalYztvGcK+o6YFFA/9829PhOCUS9vkJElXGdphz0A3DbMdP8gmKkqPmPcMJmJOrI3VYB1JQ==}
    engines: {node: '>=18'}
    cpu: [loong64]
    os: [linux]

  '@esbuild/linux-mips64el@0.25.9':
    resolution: {integrity: sha512-YcM5br0mVyZw2jcQeLIkhWtKPeVfAerES5PvOzaDxVtIyZ2NUBZKNLjC5z3/fUlDgT6w89VsxP2qzNipOaaDyA==}
    engines: {node: '>=18'}
    cpu: [mips64el]
    os: [linux]

  '@esbuild/linux-ppc64@0.25.9':
    resolution: {integrity: sha512-++0HQvasdo20JytyDpFvQtNrEsAgNG2CY1CLMwGXfFTKGBGQT3bOeLSYE2l1fYdvML5KUuwn9Z8L1EWe2tzs1w==}
    engines: {node: '>=18'}
    cpu: [ppc64]
    os: [linux]

  '@esbuild/linux-riscv64@0.25.9':
    resolution: {integrity: sha512-uNIBa279Y3fkjV+2cUjx36xkx7eSjb8IvnL01eXUKXez/CBHNRw5ekCGMPM0BcmqBxBcdgUWuUXmVWwm4CH9kg==}
    engines: {node: '>=18'}
    cpu: [riscv64]
    os: [linux]

  '@esbuild/linux-s390x@0.25.9':
    resolution: {integrity: sha512-Mfiphvp3MjC/lctb+7D287Xw1DGzqJPb/J2aHHcHxflUo+8tmN/6d4k6I2yFR7BVo5/g7x2Monq4+Yew0EHRIA==}
    engines: {node: '>=18'}
    cpu: [s390x]
    os: [linux]

  '@esbuild/linux-x64@0.25.9':
    resolution: {integrity: sha512-iSwByxzRe48YVkmpbgoxVzn76BXjlYFXC7NvLYq+b+kDjyyk30J0JY47DIn8z1MO3K0oSl9fZoRmZPQI4Hklzg==}
    engines: {node: '>=18'}
    cpu: [x64]
    os: [linux]

  '@esbuild/netbsd-arm64@0.25.9':
    resolution: {integrity: sha512-9jNJl6FqaUG+COdQMjSCGW4QiMHH88xWbvZ+kRVblZsWrkXlABuGdFJ1E9L7HK+T0Yqd4akKNa/lO0+jDxQD4Q==}
    engines: {node: '>=18'}
    cpu: [arm64]
    os: [netbsd]

  '@esbuild/netbsd-x64@0.25.9':
    resolution: {integrity: sha512-RLLdkflmqRG8KanPGOU7Rpg829ZHu8nFy5Pqdi9U01VYtG9Y0zOG6Vr2z4/S+/3zIyOxiK6cCeYNWOFR9QP87g==}
    engines: {node: '>=18'}
    cpu: [x64]
    os: [netbsd]

  '@esbuild/openbsd-arm64@0.25.9':
    resolution: {integrity: sha512-YaFBlPGeDasft5IIM+CQAhJAqS3St3nJzDEgsgFixcfZeyGPCd6eJBWzke5piZuZ7CtL656eOSYKk4Ls2C0FRQ==}
    engines: {node: '>=18'}
    cpu: [arm64]
    os: [openbsd]

  '@esbuild/openbsd-x64@0.25.9':
    resolution: {integrity: sha512-1MkgTCuvMGWuqVtAvkpkXFmtL8XhWy+j4jaSO2wxfJtilVCi0ZE37b8uOdMItIHz4I6z1bWWtEX4CJwcKYLcuA==}
    engines: {node: '>=18'}
    cpu: [x64]
    os: [openbsd]

  '@esbuild/openharmony-arm64@0.25.9':
    resolution: {integrity: sha512-4Xd0xNiMVXKh6Fa7HEJQbrpP3m3DDn43jKxMjxLLRjWnRsfxjORYJlXPO4JNcXtOyfajXorRKY9NkOpTHptErg==}
    engines: {node: '>=18'}
    cpu: [arm64]
    os: [openharmony]

  '@esbuild/sunos-x64@0.25.9':
    resolution: {integrity: sha512-WjH4s6hzo00nNezhp3wFIAfmGZ8U7KtrJNlFMRKxiI9mxEK1scOMAaa9i4crUtu+tBr+0IN6JCuAcSBJZfnphw==}
    engines: {node: '>=18'}
    cpu: [x64]
    os: [sunos]

  '@esbuild/win32-arm64@0.25.9':
    resolution: {integrity: sha512-mGFrVJHmZiRqmP8xFOc6b84/7xa5y5YvR1x8djzXpJBSv/UsNK6aqec+6JDjConTgvvQefdGhFDAs2DLAds6gQ==}
    engines: {node: '>=18'}
    cpu: [arm64]
    os: [win32]

  '@esbuild/win32-ia32@0.25.9':
    resolution: {integrity: sha512-b33gLVU2k11nVx1OhX3C8QQP6UHQK4ZtN56oFWvVXvz2VkDoe6fbG8TOgHFxEvqeqohmRnIHe5A1+HADk4OQww==}
    engines: {node: '>=18'}
    cpu: [ia32]
    os: [win32]

  '@esbuild/win32-x64@0.25.9':
    resolution: {integrity: sha512-PPOl1mi6lpLNQxnGoyAfschAodRFYXJ+9fs6WHXz7CSWKbOqiMZsubC+BQsVKuul+3vKLuwTHsS2c2y9EoKwxQ==}
    engines: {node: '>=18'}
    cpu: [x64]
    os: [win32]

  '@fluentui/web-components@2.6.1':
    resolution: {integrity: sha512-coyV+QZBVqcrJbncR2iyL0ZMXGFRJmP+JYUlewkYBt8bgmTMIwKBdUX0cN9S6KUp8JHoC2OSRqL8MYgT3T+YLQ==}

  '@lit-labs/ssr-dom-shim@1.3.0':
    resolution: {integrity: sha512-nQIWonJ6eFAvUUrSlwyHDm/aE8PBDu5kRpL0vHMg6K8fK3Diq1xdPjTnsJSwxABhaZ+5eBi1btQB5ShUTKo4nQ==}

  '@lit/reactive-element@2.1.0':
    resolution: {integrity: sha512-L2qyoZSQClcBmq0qajBVbhYEcG6iK0XfLn66ifLe/RfC0/ihpc+pl0Wdn8bJ8o+hj38cG0fGXRgSS20MuXn7qA==}

  '@microsoft/fast-colors@5.3.1':
    resolution: {integrity: sha512-72RZXVfCbwQzvo5sXXkuLXLT7rMeYaSf5r/6ewQiv/trBtqpWRm4DEH2EilHw/iWTBKOXs1qZNQndgUMa5n4LA==}

  '@microsoft/fast-element@1.14.0':
    resolution: {integrity: sha512-zXvuSOzvsu8zDTy9eby8ix8VqLop2rwKRgp++ZN2kTCsoB3+QJVoaGD2T/Cyso2ViZQFXNpiNCVKfnmxBvmWkQ==}

  '@microsoft/fast-foundation@2.50.0':
    resolution: {integrity: sha512-8mFYG88Xea1jZf2TI9Lm/jzZ6RWR8x29r24mGuLojNYqIR2Bl8+hnswoV6laApKdCbGMPKnsAL/O68Q0sRxeVg==}

  '@microsoft/fast-web-utilities@5.4.1':
    resolution: {integrity: sha512-ReWYncndjV3c8D8iq9tp7NcFNc1vbVHvcBFPME2nNFKNbS1XCesYZGlIlf3ot5EmuOXPlrzUHOWzQ2vFpIkqDg==}

  '@rollup/rollup-android-arm-eabi@4.48.1':
    resolution: {integrity: sha512-rGmb8qoG/zdmKoYELCBwu7vt+9HxZ7Koos3pD0+sH5fR3u3Wb/jGcpnqxcnWsPEKDUyzeLSqksN8LJtgXjqBYw==}
    cpu: [arm]
    os: [android]

  '@rollup/rollup-android-arm64@4.48.1':
    resolution: {integrity: sha512-4e9WtTxrk3gu1DFE+imNJr4WsL13nWbD/Y6wQcyku5qadlKHY3OQ3LJ/INrrjngv2BJIHnIzbqMk1GTAC2P8yQ==}
    cpu: [arm64]
    os: [android]

  '@rollup/rollup-darwin-arm64@4.48.1':
    resolution: {integrity: sha512-+XjmyChHfc4TSs6WUQGmVf7Hkg8ferMAE2aNYYWjiLzAS/T62uOsdfnqv+GHRjq7rKRnYh4mwWb4Hz7h/alp8A==}
    cpu: [arm64]
    os: [darwin]

  '@rollup/rollup-darwin-x64@4.48.1':
    resolution: {integrity: sha512-upGEY7Ftw8M6BAJyGwnwMw91rSqXTcOKZnnveKrVWsMTF8/k5mleKSuh7D4v4IV1pLxKAk3Tbs0Lo9qYmii5mQ==}
    cpu: [x64]
    os: [darwin]

  '@rollup/rollup-freebsd-arm64@4.48.1':
    resolution: {integrity: sha512-P9ViWakdoynYFUOZhqq97vBrhuvRLAbN/p2tAVJvhLb8SvN7rbBnJQcBu8e/rQts42pXGLVhfsAP0k9KXWa3nQ==}
    cpu: [arm64]
    os: [freebsd]

  '@rollup/rollup-freebsd-x64@4.48.1':
    resolution: {integrity: sha512-VLKIwIpnBya5/saccM8JshpbxfyJt0Dsli0PjXozHwbSVaHTvWXJH1bbCwPXxnMzU4zVEfgD1HpW3VQHomi2AQ==}
    cpu: [x64]
    os: [freebsd]

  '@rollup/rollup-linux-arm-gnueabihf@4.48.1':
    resolution: {integrity: sha512-3zEuZsXfKaw8n/yF7t8N6NNdhyFw3s8xJTqjbTDXlipwrEHo4GtIKcMJr5Ed29leLpB9AugtAQpAHW0jvtKKaQ==}
    cpu: [arm]
    os: [linux]

  '@rollup/rollup-linux-arm-musleabihf@4.48.1':
    resolution: {integrity: sha512-leo9tOIlKrcBmmEypzunV/2w946JeLbTdDlwEZ7OnnsUyelZ72NMnT4B2vsikSgwQifjnJUbdXzuW4ToN1wV+Q==}
    cpu: [arm]
    os: [linux]

  '@rollup/rollup-linux-arm64-gnu@4.48.1':
    resolution: {integrity: sha512-Vy/WS4z4jEyvnJm+CnPfExIv5sSKqZrUr98h03hpAMbE2aI0aD2wvK6GiSe8Gx2wGp3eD81cYDpLLBqNb2ydwQ==}
    cpu: [arm64]
    os: [linux]

  '@rollup/rollup-linux-arm64-musl@4.48.1':
    resolution: {integrity: sha512-x5Kzn7XTwIssU9UYqWDB9VpLpfHYuXw5c6bJr4Mzv9kIv242vmJHbI5PJJEnmBYitUIfoMCODDhR7KoZLot2VQ==}
    cpu: [arm64]
    os: [linux]

  '@rollup/rollup-linux-loongarch64-gnu@4.48.1':
    resolution: {integrity: sha512-yzCaBbwkkWt/EcgJOKDUdUpMHjhiZT/eDktOPWvSRpqrVE04p0Nd6EGV4/g7MARXXeOqstflqsKuXVM3H9wOIQ==}
    cpu: [loong64]
    os: [linux]

  '@rollup/rollup-linux-ppc64-gnu@4.48.1':
    resolution: {integrity: sha512-UK0WzWUjMAJccHIeOpPhPcKBqax7QFg47hwZTp6kiMhQHeOYJeaMwzeRZe1q5IiTKsaLnHu9s6toSYVUlZ2QtQ==}
    cpu: [ppc64]
    os: [linux]

  '@rollup/rollup-linux-riscv64-gnu@4.48.1':
    resolution: {integrity: sha512-3NADEIlt+aCdCbWVZ7D3tBjBX1lHpXxcvrLt/kdXTiBrOds8APTdtk2yRL2GgmnSVeX4YS1JIf0imFujg78vpw==}
    cpu: [riscv64]
    os: [linux]

  '@rollup/rollup-linux-riscv64-musl@4.48.1':
    resolution: {integrity: sha512-euuwm/QTXAMOcyiFCcrx0/S2jGvFlKJ2Iro8rsmYL53dlblp3LkUQVFzEidHhvIPPvcIsxDhl2wkBE+I6YVGzA==}
    cpu: [riscv64]
    os: [linux]

  '@rollup/rollup-linux-s390x-gnu@4.48.1':
    resolution: {integrity: sha512-w8mULUjmPdWLJgmTYJx/W6Qhln1a+yqvgwmGXcQl2vFBkWsKGUBRbtLRuKJUln8Uaimf07zgJNxOhHOvjSQmBQ==}
    cpu: [s390x]
    os: [linux]

  '@rollup/rollup-linux-x64-gnu@4.48.1':
    resolution: {integrity: sha512-90taWXCWxTbClWuMZD0DKYohY1EovA+W5iytpE89oUPmT5O1HFdf8cuuVIylE6vCbrGdIGv85lVRzTcpTRZ+kA==}
    cpu: [x64]
    os: [linux]

  '@rollup/rollup-linux-x64-musl@4.48.1':
    resolution: {integrity: sha512-2Gu29SkFh1FfTRuN1GR1afMuND2GKzlORQUP3mNMJbqdndOg7gNsa81JnORctazHRokiDzQ5+MLE5XYmZW5VWg==}
    cpu: [x64]
    os: [linux]

  '@rollup/rollup-win32-arm64-msvc@4.48.1':
    resolution: {integrity: sha512-6kQFR1WuAO50bxkIlAVeIYsz3RUx+xymwhTo9j94dJ+kmHe9ly7muH23sdfWduD0BA8pD9/yhonUvAjxGh34jQ==}
    cpu: [arm64]
    os: [win32]

  '@rollup/rollup-win32-ia32-msvc@4.48.1':
    resolution: {integrity: sha512-RUyZZ/mga88lMI3RlXFs4WQ7n3VyU07sPXmMG7/C1NOi8qisUg57Y7LRarqoGoAiopmGmChUhSwfpvQ3H5iGSQ==}
    cpu: [ia32]
    os: [win32]

  '@rollup/rollup-win32-x64-msvc@4.48.1':
    resolution: {integrity: sha512-8a/caCUN4vkTChxkaIJcMtwIVcBhi4X2PQRoT+yCK3qRYaZ7cURrmJFL5Ux9H9RaMIXj9RuihckdmkBX3zZsgg==}
    cpu: [x64]
    os: [win32]

  '@types/canvas-confetti@1.9.0':
    resolution: {integrity: sha512-aBGj/dULrimR1XDZLtG9JwxX1b4HPRF6CX9Yfwh3NvstZEm1ZL7RBnel4keCPSqs1ANRu1u2Aoz9R+VmtjYuTg==}

  '@types/estree@1.0.8':
    resolution: {integrity: sha512-dWHzHa2WqEXI/O1E9OjrocMTKJl2mSrEolh1Iomrv6U+JuNwaHXsXx9bLu5gG7BUWFIN0skIQJQ/L1rIex4X6w==}

  '@types/trusted-types@2.0.7':
    resolution: {integrity: sha512-ScaPdn1dQczgbl0QFTeTOmVHFULt394XJgOQNoyVhZ6r2vLnMLJfBPd53SB52T/3G36VI1/g2MZaX0cwDuXsfw==}

  canvas-confetti@1.9.3:
    resolution: {integrity: sha512-rFfTURMvmVEX1gyXFgn5QMn81bYk70qa0HLzcIOSVEyl57n6o9ItHeBtUSWdvKAPY0xlvBHno4/v3QPrT83q9g==}

  esbuild@0.25.9:
    resolution: {integrity: sha512-CRbODhYyQx3qp7ZEwzxOk4JBqmD/seJrzPa/cGjY1VtIn5E09Oi9/dB4JwctnfZ8Q8iT7rioVv5k/FNT/uf54g==}
    engines: {node: '>=18'}
    hasBin: true

  exenv-es6@1.1.1:
    resolution: {integrity: sha512-vlVu3N8d6yEMpMsEm+7sUBAI81aqYYuEvfK0jNqmdb/OPXzzH7QWDDnVjMvDSY47JdHEqx/dfC/q8WkfoTmpGQ==}

  fdir@6.5.0:
    resolution: {integrity: sha512-tIbYtZbucOs0BRGqPJkshJUYdL+SDH7dVM8gjy+ERp3WAUjLEFJE+02kanyHtwjWOnwrKYBiwAmM0p4kLJAnXg==}
    engines: {node: '>=12.0.0'}
    peerDependencies:
      picomatch: ^3 || ^4
    peerDependenciesMeta:
      picomatch:
        optional: true

  fsevents@2.3.3:
    resolution: {integrity: sha512-5xoDfX+fL7faATnagmWPpbFtwh/R77WmMMqqHGS65C3vvB0YHrgF+B1YmZ3441tMj5n63k0212XNoJwzlhffQw==}
    engines: {node: ^8.16.0 || ^10.6.0 || >=11.0.0}
    os: [darwin]

  lit-element@4.2.0:
    resolution: {integrity: sha512-MGrXJVAI5x+Bfth/pU9Kst1iWID6GHDLEzFEnyULB/sFiRLgkd8NPK/PeeXxktA3T6EIIaq8U3KcbTU5XFcP2Q==}

  lit-html@3.3.0:
    resolution: {integrity: sha512-RHoswrFAxY2d8Cf2mm4OZ1DgzCoBKUKSPvA1fhtSELxUERq2aQQ2h05pO9j81gS1o7RIRJ+CePLogfyahwmynw==}

  lit@3.3.0:
    resolution: {integrity: sha512-DGVsqsOIHBww2DqnuZzW7QsuCdahp50ojuDaBPC7jUDRpYoH0z7kHBBYZewRzer75FwtrkmkKk7iOAwSaWdBmw==}

  nanoid@3.3.11:
    resolution: {integrity: sha512-N8SpfPUnUp1bK+PMYW8qSWdl9U+wwNWI4QKxOYDy9JAro3WMX7p2OeVRF9v+347pnakNevPmiHhNmZ2HbFA76w==}
    engines: {node: ^10 || ^12 || ^13.7 || ^14 || >=15.0.1}
    hasBin: true

  picocolors@1.1.1:
    resolution: {integrity: sha512-xceH2snhtb5M9liqDsmEw56le376mTZkEX/jEb/RxNFyegNul7eNslCXP9FDj/Lcu0X8KEyMceP2ntpaHrDEVA==}

  picomatch@4.0.3:
    resolution: {integrity: sha512-5gTmgEY/sqK6gFXLIsQNH19lWb4ebPDLA4SdLP7dsWkIXHWlG66oPuVvXSGFPppYZz8ZDZq0dYYrbHfBCVUb1Q==}
    engines: {node: '>=12'}

  postcss@8.5.6:
    resolution: {integrity: sha512-3Ybi1tAuwAP9s0r1UQ2J4n5Y0G05bJkpUIO0/bI9MhwmD70S5aTWbXGBwxHrelT+XM1k6dM0pk+SwNkpTRN7Pg==}
    engines: {node: ^10 || ^12 || >=14}

  rollup@4.48.1:
    resolution: {integrity: sha512-jVG20NvbhTYDkGAty2/Yh7HK6/q3DGSRH4o8ALKGArmMuaauM9kLfoMZ+WliPwA5+JHr2lTn3g557FxBV87ifg==}
    engines: {node: '>=18.0.0', npm: '>=8.0.0'}
    hasBin: true

  shufflr@2.0.18:
    resolution: {integrity: sha512-uw4MHyBaRXh0A3vschHvkWQbjvTFr4jltdm/z7FYr7AtBJqSGn4ngFqE63hhx3bXgNPIByX7bpxN4kq0c57odQ==}

  source-map-js@1.2.1:
    resolution: {integrity: sha512-UXWMKhLOwVKb728IUtQPXxfYU+usdybtUrK/8uGE8CQMvrhOpwvzDBwj0QhSL7MQc7vIsISBG8VQ8+IDQxpfQA==}
    engines: {node: '>=0.10.0'}

  tabbable@5.3.3:
    resolution: {integrity: sha512-QD9qKY3StfbZqWOPLp0++pOrAVb/HbUi5xCc8cUo4XjP19808oaMiDzn0leBY5mCespIBM0CIZePzZjgzR83kA==}

  tinyglobby@0.2.14:
    resolution: {integrity: sha512-tX5e7OM1HnYr2+a2C/4V0htOcSQcoSTH9KgJnVvNm5zm/cyEWKJ7j7YutsH9CxMdtOkkLFy2AHrMci9IM8IPZQ==}
    engines: {node: '>=12.0.0'}

  tslib@1.14.1:
    resolution: {integrity: sha512-Xni35NKzjgMrwevysHTCArtLDpPvye8zV/0E4EyYn43P7/7qvQwPh9BGkHewbMulVntbigmcT7rdX3BNo9wRJg==}

  tslib@2.8.1:
    resolution: {integrity: sha512-oJFu94HQb+KVduSUQL7wnpmqnfmLsOA/nAh6b6EH0wCEoK0/mPeXU6c3wKDV83MkOuHPRHtSXKKU99IBazS/2w==}

  typescript@5.8.3:
    resolution: {integrity: sha512-p1diW6TqL9L07nNxvRMM7hMMw4c5XOo/1ibL4aAIGmSAt9slTE1Xgw5KWuof2uTOvCg9BY7ZRi+GaF+7sfgPeQ==}
    engines: {node: '>=14.17'}
    hasBin: true

  vite@7.1.3:
    resolution: {integrity: sha512-OOUi5zjkDxYrKhTV3V7iKsoS37VUM7v40+HuwEmcrsf11Cdx9y3DIr2Px6liIcZFwt3XSRpQvFpL3WVy7ApkGw==}
    engines: {node: ^20.19.0 || >=22.12.0}
    hasBin: true
    peerDependencies:
      '@types/node': ^20.19.0 || >=22.12.0
      jiti: '>=1.21.0'
      less: ^4.0.0
      lightningcss: ^1.21.0
      sass: ^1.70.0
      sass-embedded: ^1.70.0
      stylus: '>=0.54.8'
      sugarss: ^5.0.0
      terser: ^5.16.0
      tsx: ^4.8.1
      yaml: ^2.4.2
    peerDependenciesMeta:
      '@types/node':
        optional: true
      jiti:
        optional: true
      less:
        optional: true
      lightningcss:
        optional: true
      sass:
        optional: true
      sass-embedded:
        optional: true
      stylus:
        optional: true
      sugarss:
        optional: true
      terser:
        optional: true
      tsx:
        optional: true
      yaml:
        optional: true

snapshots:

  '@esbuild/aix-ppc64@0.25.9':
    optional: true

  '@esbuild/android-arm64@0.25.9':
    optional: true

  '@esbuild/android-arm@0.25.9':
    optional: true

  '@esbuild/android-x64@0.25.9':
    optional: true

  '@esbuild/darwin-arm64@0.25.9':
    optional: true

  '@esbuild/darwin-x64@0.25.9':
    optional: true

  '@esbuild/freebsd-arm64@0.25.9':
    optional: true

  '@esbuild/freebsd-x64@0.25.9':
    optional: true

  '@esbuild/linux-arm64@0.25.9':
    optional: true

  '@esbuild/linux-arm@0.25.9':
    optional: true

  '@esbuild/linux-ia32@0.25.9':
    optional: true

  '@esbuild/linux-loong64@0.25.9':
    optional: true

  '@esbuild/linux-mips64el@0.25.9':
    optional: true

  '@esbuild/linux-ppc64@0.25.9':
    optional: true

  '@esbuild/linux-riscv64@0.25.9':
    optional: true

  '@esbuild/linux-s390x@0.25.9':
    optional: true

  '@esbuild/linux-x64@0.25.9':
    optional: true

  '@esbuild/netbsd-arm64@0.25.9':
    optional: true

  '@esbuild/netbsd-x64@0.25.9':
    optional: true

  '@esbuild/openbsd-arm64@0.25.9':
    optional: true

  '@esbuild/openbsd-x64@0.25.9':
    optional: true

  '@esbuild/openharmony-arm64@0.25.9':
    optional: true

  '@esbuild/sunos-x64@0.25.9':
    optional: true

  '@esbuild/win32-arm64@0.25.9':
    optional: true

  '@esbuild/win32-ia32@0.25.9':
    optional: true

  '@esbuild/win32-x64@0.25.9':
    optional: true

  '@fluentui/web-components@2.6.1':
    dependencies:
      '@microsoft/fast-colors': 5.3.1
      '@microsoft/fast-element': 1.14.0
      '@microsoft/fast-foundation': 2.50.0
      '@microsoft/fast-web-utilities': 5.4.1
      tslib: 2.8.1

  '@lit-labs/ssr-dom-shim@1.3.0': {}

  '@lit/reactive-element@2.1.0':
    dependencies:
      '@lit-labs/ssr-dom-shim': 1.3.0

  '@microsoft/fast-colors@5.3.1': {}

  '@microsoft/fast-element@1.14.0': {}

  '@microsoft/fast-foundation@2.50.0':
    dependencies:
      '@microsoft/fast-element': 1.14.0
      '@microsoft/fast-web-utilities': 5.4.1
      tabbable: 5.3.3
      tslib: 1.14.1

  '@microsoft/fast-web-utilities@5.4.1':
    dependencies:
      exenv-es6: 1.1.1

  '@rollup/rollup-android-arm-eabi@4.48.1':
    optional: true

  '@rollup/rollup-android-arm64@4.48.1':
    optional: true

  '@rollup/rollup-darwin-arm64@4.48.1':
    optional: true

  '@rollup/rollup-darwin-x64@4.48.1':
    optional: true

  '@rollup/rollup-freebsd-arm64@4.48.1':
    optional: true

  '@rollup/rollup-freebsd-x64@4.48.1':
    optional: true

  '@rollup/rollup-linux-arm-gnueabihf@4.48.1':
    optional: true

  '@rollup/rollup-linux-arm-musleabihf@4.48.1':
    optional: true

  '@rollup/rollup-linux-arm64-gnu@4.48.1':
    optional: true

  '@rollup/rollup-linux-arm64-musl@4.48.1':
    optional: true

  '@rollup/rollup-linux-loongarch64-gnu@4.48.1':
    optional: true

  '@rollup/rollup-linux-ppc64-gnu@4.48.1':
    optional: true

  '@rollup/rollup-linux-riscv64-gnu@4.48.1':
    optional: true

  '@rollup/rollup-linux-riscv64-musl@4.48.1':
    optional: true

  '@rollup/rollup-linux-s390x-gnu@4.48.1':
    optional: true

  '@rollup/rollup-linux-x64-gnu@4.48.1':
    optional: true

  '@rollup/rollup-linux-x64-musl@4.48.1':
    optional: true

  '@rollup/rollup-win32-arm64-msvc@4.48.1':
    optional: true

  '@rollup/rollup-win32-ia32-msvc@4.48.1':
    optional: true

  '@rollup/rollup-win32-x64-msvc@4.48.1':
    optional: true

  '@types/canvas-confetti@1.9.0': {}

  '@types/estree@1.0.8': {}

  '@types/trusted-types@2.0.7': {}

  canvas-confetti@1.9.3: {}

  esbuild@0.25.9:
    optionalDependencies:
      '@esbuild/aix-ppc64': 0.25.9
      '@esbuild/android-arm': 0.25.9
      '@esbuild/android-arm64': 0.25.9
      '@esbuild/android-x64': 0.25.9
      '@esbuild/darwin-arm64': 0.25.9
      '@esbuild/darwin-x64': 0.25.9
      '@esbuild/freebsd-arm64': 0.25.9
      '@esbuild/freebsd-x64': 0.25.9
      '@esbuild/linux-arm': 0.25.9
      '@esbuild/linux-arm64': 0.25.9
      '@esbuild/linux-ia32': 0.25.9
      '@esbuild/linux-loong64': 0.25.9
      '@esbuild/linux-mips64el': 0.25.9
      '@esbuild/linux-ppc64': 0.25.9
      '@esbuild/linux-riscv64': 0.25.9
      '@esbuild/linux-s390x': 0.25.9
      '@esbuild/linux-x64': 0.25.9
      '@esbuild/netbsd-arm64': 0.25.9
      '@esbuild/netbsd-x64': 0.25.9
      '@esbuild/openbsd-arm64': 0.25.9
      '@esbuild/openbsd-x64': 0.25.9
      '@esbuild/openharmony-arm64': 0.25.9
      '@esbuild/sunos-x64': 0.25.9
      '@esbuild/win32-arm64': 0.25.9
      '@esbuild/win32-ia32': 0.25.9
      '@esbuild/win32-x64': 0.25.9

  exenv-es6@1.1.1: {}

  fdir@6.5.0(picomatch@4.0.3):
    optionalDependencies:
      picomatch: 4.0.3

  fsevents@2.3.3:
    optional: true

  lit-element@4.2.0:
    dependencies:
      '@lit-labs/ssr-dom-shim': 1.3.0
      '@lit/reactive-element': 2.1.0
      lit-html: 3.3.0

  lit-html@3.3.0:
    dependencies:
      '@types/trusted-types': 2.0.7

  lit@3.3.0:
    dependencies:
      '@lit/reactive-element': 2.1.0
      lit-element: 4.2.0
      lit-html: 3.3.0

  nanoid@3.3.11: {}

  picocolors@1.1.1: {}

  picomatch@4.0.3: {}

  postcss@8.5.6:
    dependencies:
      nanoid: 3.3.11
      picocolors: 1.1.1
      source-map-js: 1.2.1

  rollup@4.48.1:
    dependencies:
      '@types/estree': 1.0.8
    optionalDependencies:
      '@rollup/rollup-android-arm-eabi': 4.48.1
      '@rollup/rollup-android-arm64': 4.48.1
      '@rollup/rollup-darwin-arm64': 4.48.1
      '@rollup/rollup-darwin-x64': 4.48.1
      '@rollup/rollup-freebsd-arm64': 4.48.1
      '@rollup/rollup-freebsd-x64': 4.48.1
      '@rollup/rollup-linux-arm-gnueabihf': 4.48.1
      '@rollup/rollup-linux-arm-musleabihf': 4.48.1
      '@rollup/rollup-linux-arm64-gnu': 4.48.1
      '@rollup/rollup-linux-arm64-musl': 4.48.1
      '@rollup/rollup-linux-loongarch64-gnu': 4.48.1
      '@rollup/rollup-linux-ppc64-gnu': 4.48.1
      '@rollup/rollup-linux-riscv64-gnu': 4.48.1
      '@rollup/rollup-linux-riscv64-musl': 4.48.1
      '@rollup/rollup-linux-s390x-gnu': 4.48.1
      '@rollup/rollup-linux-x64-gnu': 4.48.1
      '@rollup/rollup-linux-x64-musl': 4.48.1
      '@rollup/rollup-win32-arm64-msvc': 4.48.1
      '@rollup/rollup-win32-ia32-msvc': 4.48.1
      '@rollup/rollup-win32-x64-msvc': 4.48.1
      fsevents: 2.3.3

  shufflr@2.0.18: {}

  source-map-js@1.2.1: {}

  tabbable@5.3.3: {}

  tinyglobby@0.2.14:
    dependencies:
      fdir: 6.5.0(picomatch@4.0.3)
      picomatch: 4.0.3

  tslib@1.14.1: {}

  tslib@2.8.1: {}

  typescript@5.8.3: {}

  vite@7.1.3:
    dependencies:
      esbuild: 0.25.9
      fdir: 6.5.0(picomatch@4.0.3)
      picomatch: 4.0.3
      postcss: 8.5.6
      rollup: 4.48.1
      tinyglobby: 0.2.14
    optionalDependencies:
      fsevents: 2.3.3
